
Microsoft Visual Studio Solution File, Format Version 12.00
# Visual Studio 15
VisualStudioVersion = 15.0.27428.2002
MinimumVisualStudioVersion = 10.0.40219.1
Project("{8BC9CEB8-8B4A-11D0-8D11-00A0C91BC942}") = "Ejercicio 1", "Ejercicio 1\Ejercicio 1.vcxproj", "{27F4431C-22B9-458A-AE99-15E04FE0CA40}"
EndProject
Project("{8BC9CEB8-8B4A-11D0-8D11-00A0C91BC942}") = "Ejercicio 2", "Ejercicio 2\Ejercicio 2.vcxproj", "{4FDDD313-6037-4C47-8523-CE6FFFEF08B5}"
EndProject
Project("{8BC9CEB8-8B4A-11D0-8D11-00A0C91BC942}") = "Ejercicio 3", "Ejercicio 3\Ejercicio 3.vcxproj", "{66E52A58-00D8-4E39-A884-9C4A0FA69522}"
EndProject
Project("{8BC9CEB8-8B4A-11D0-8D11-00A0C91BC942}") = "Ejercicio 4", "Ejercicio 4\Ejercicio 4.vcxproj", "{B2CE33F2-419A-4D9E-9CE2-00BE91A1BFD9}"
EndProject
Project("{8BC9CEB8-8B4A-11D0-8D11-00A0C91BC942}") = "Ejercicio 5", "Ejercicio 5\Ejercicio 5.vcxproj", "{928E2991-FFC3-4403-8600-C476ECBC3203}"
EndProject
Project("{8BC9CEB8-8B4A-11D0-8D11-00A0C91BC942}") = "Ejercicio 6", "Ejercicio 6\Ejercicio 6.vcxproj", "{DDB6C6D8-F4E4-4D5E-A5A1-7FBF68AB8BFB}"
EndProject
Project("{8BC9CEB8-8B4A-11D0-8D11-00A0C91BC942}") = "Ejercicio 7", "Ejercicio 7\Ejercicio 7.vcxproj", "{6D76F1EC-5C59-4968-B96C-160A044E48F0}"
EndProject
Project("{8BC9CEB8-8B4A-11D0-8D11-00A0C91BC942}") = "Ejercicio 8", "Ejercicio 8\Ejercicio 8.vcxproj", "{B2976E57-5D46-46ED-A8A2-A8386F4C7A9E}"
EndProject
Project("{8BC9CEB8-8B4A-11D0-8D11-00A0C91BC942}") = "Ejercicio 9", "Ejercicio 9\Ejercicio 9.vcxproj", "{06ACE856-CAED-47FD-80EE-46BAB91CC281}"
EndProject
Project("{8BC9CEB8-8B4A-11D0-8D11-00A0C91BC942}") = "Ejercicio 10", "Ejercicio 10\Ejercicio 10.vcxproj", "{E2EFA2CC-2C1D-471C-BC76-0BA22922C732}"
EndProject
Project("{8BC9CEB8-8B4A-11D0-8D11-00A0C91BC942}") = "Ejercicio 11", "Ejercicio 11\Ejercicio 11.vcxproj", "{9032AF67-6E6B-4CAF-B1F6-990DD01E7434}"
EndProject
Project("{8BC9CEB8-8B4A-11D0-8D11-00A0C91BC942}") = "Ejercicio 12", "Ejercicio 12\Ejercicio 12.vcxproj", "{FFAF79A7-8FDA-4E4A-AF5B-8A0A7589B23E}"
EndProject
Project("{8BC9CEB8-8B4A-11D0-8D11-00A0C91BC942}") = "Ejercicio 13", "Ejercicio 13\Ejercicio 13.vcxproj", "{BC8A56CD-8744-4939-AAF0-BCBC0EB297AA}"
EndProject
Project("{8BC9CEB8-8B4A-11D0-8D11-00A0C91BC942}") = "Ejercicio 14", "Ejercicio 14\Ejercicio 14.vcxproj", "{60A2B2AA-C6E8-4ECC-BC2A-7F17D25323DA}"
EndProject
Project("{8BC9CEB8-8B4A-11D0-8D11-00A0C91BC942}") = "Ejercicio 15", "Ejercicio 15\Ejercicio 15.vcxproj", "{85D9A2A4-7AA4-4B0B-AF0D-4388A6D1A4CC}"
EndProject
Project("{8BC9CEB8-8B4A-11D0-8D11-00A0C91BC942}") = "Ejercicio A1", "Ejercicio A1\Ejercicio A1.vcxproj", "{41A72877-0691-440B-9835-D633D8FCE36F}"
EndProject
Project("{8BC9CEB8-8B4A-11D0-8D11-00A0C91BC942}") = "Ejercicio A2", "Ejercicio A2\Ejercicio A2.vcxproj", "{144505C4-EE35-4B7B-946A-1E60E744FDD6}"
EndProject
Project("{8BC9CEB8-8B4A-11D0-8D11-00A0C91BC942}") = "Ejercicio A3", "Ejercicio A3\Ejercicio A3.vcxproj", "{821E5E62-7213-4E29-8F42-506964FAD370}"
EndProject
Project("{8BC9CEB8-8B4A-11D0-8D11-00A0C91BC942}") = "Ejercicio A4", "Ejercicio A4\Ejercicio A4.vcxproj", "{61DF6026-E53F-4FF7-B385-1374A283915B}"
EndProject
Global
	GlobalSection(SolutionConfigurationPlatforms) = preSolution
		Debug|x64 = Debug|x64
		Debug|x86 = Debug|x86
		Release|x64 = Release|x64
		Release|x86 = Release|x86
	EndGlobalSection
	GlobalSection(ProjectConfigurationPlatforms) = postSolution
		{27F4431C-22B9-458A-AE99-15E04FE0CA40}.Debug|x64.ActiveCfg = Debug|x64
		{27F4431C-22B9-458A-AE99-15E04FE0CA40}.Debug|x64.Build.0 = Debug|x64
		{27F4431C-22B9-458A-AE99-15E04FE0CA40}.Debug|x86.ActiveCfg = Debug|Win32
		{27F4431C-22B9-458A-AE99-15E04FE0CA40}.Debug|x86.Build.0 = Debug|Win32
		{27F4431C-22B9-458A-AE99-15E04FE0CA40}.Release|x64.ActiveCfg = Release|x64
		{27F4431C-22B9-458A-AE99-15E04FE0CA40}.Release|x64.Build.0 = Release|x64
		{27F4431C-22B9-458A-AE99-15E04FE0CA40}.Release|x86.ActiveCfg = Release|Win32
		{27F4431C-22B9-458A-AE99-15E04FE0CA40}.Release|x86.Build.0 = Release|Win32
		{4FDDD313-6037-4C47-8523-CE6FFFEF08B5}.Debug|x64.ActiveCfg = Debug|x64
		{4FDDD313-6037-4C47-8523-CE6FFFEF08B5}.Debug|x64.Build.0 = Debug|x64
		{4FDDD313-6037-4C47-8523-CE6FFFEF08B5}.Debug|x86.ActiveCfg = Debug|Win32
		{4FDDD313-6037-4C47-8523-CE6FFFEF08B5}.Debug|x86.Build.0 = Debug|Win32
		{4FDDD313-6037-4C47-8523-CE6FFFEF08B5}.Release|x64.ActiveCfg = Release|x64
		{4FDDD313-6037-4C47-8523-CE6FFFEF08B5}.Release|x64.Build.0 = Release|x64
		{4FDDD313-6037-4C47-8523-CE6FFFEF08B5}.Release|x86.ActiveCfg = Release|Win32
		{4FDDD313-6037-4C47-8523-CE6FFFEF08B5}.Release|x86.Build.0 = Release|Win32
		{66E52A58-00D8-4E39-A884-9C4A0FA69522}.Debug|x64.ActiveCfg = Debug|x64
		{66E52A58-00D8-4E39-A884-9C4A0FA69522}.Debug|x64.Build.0 = Debug|x64
		{66E52A58-00D8-4E39-A884-9C4A0FA69522}.Debug|x86.ActiveCfg = Debug|Win32
		{66E52A58-00D8-4E39-A884-9C4A0FA69522}.Debug|x86.Build.0 = Debug|Win32
		{66E52A58-00D8-4E39-A884-9C4A0FA69522}.Release|x64.ActiveCfg = Release|x64
		{66E52A58-00D8-4E39-A884-9C4A0FA69522}.Release|x64.Build.0 = Release|x64
		{66E52A58-00D8-4E39-A884-9C4A0FA69522}.Release|x86.ActiveCfg = Release|Win32
		{66E52A58-00D8-4E39-A884-9C4A0FA69522}.Release|x86.Build.0 = Release|Win32
		{B2CE33F2-419A-4D9E-9CE2-00BE91A1BFD9}.Debug|x64.ActiveCfg = Debug|x64
		{B2CE33F2-419A-4D9E-9CE2-00BE91A1BFD9}.Debug|x64.Build.0 = Debug|x64
		{B2CE33F2-419A-4D9E-9CE2-00BE91A1BFD9}.Debug|x86.ActiveCfg = Debug|Win32
		{B2CE33F2-419A-4D9E-9CE2-00BE91A1BFD9}.Debug|x86.Build.0 = Debug|Win32
		{B2CE33F2-419A-4D9E-9CE2-00BE91A1BFD9}.Release|x64.ActiveCfg = Release|x64
		{B2CE33F2-419A-4D9E-9CE2-00BE91A1BFD9}.Release|x64.Build.0 = Release|x64
		{B2CE33F2-419A-4D9E-9CE2-00BE91A1BFD9}.Release|x86.ActiveCfg = Release|Win32
		{B2CE33F2-419A-4D9E-9CE2-00BE91A1BFD9}.Release|x86.Build.0 = Release|Win32
		{928E2991-FFC3-4403-8600-C476ECBC3203}.Debug|x64.ActiveCfg = Debug|x64
		{928E2991-FFC3-4403-8600-C476ECBC3203}.Debug|x64.Build.0 = Debug|x64
		{928E2991-FFC3-4403-8600-C476ECBC3203}.Debug|x86.ActiveCfg = Debug|Win32
		{928E2991-FFC3-4403-8600-C476ECBC3203}.Debug|x86.Build.0 = Debug|Win32
		{928E2991-FFC3-4403-8600-C476ECBC3203}.Release|x64.ActiveCfg = Release|x64
		{928E2991-FFC3-4403-8600-C476ECBC3203}.Release|x64.Build.0 = Release|x64
		{928E2991-FFC3-4403-8600-C476ECBC3203}.Release|x86.ActiveCfg = Release|Win32
		{928E2991-FFC3-4403-8600-C476ECBC3203}.Release|x86.Build.0 = Release|Win32
		{DDB6C6D8-F4E4-4D5E-A5A1-7FBF68AB8BFB}.Debug|x64.ActiveCfg = Debug|x64
		{DDB6C6D8-F4E4-4D5E-A5A1-7FBF68AB8BFB}.Debug|x64.Build.0 = Debug|x64
		{DDB6C6D8-F4E4-4D5E-A5A1-7FBF68AB8BFB}.Debug|x86.ActiveCfg = Debug|Win32
		{DDB6C6D8-F4E4-4D5E-A5A1-7FBF68AB8BFB}.Debug|x86.Build.0 = Debug|Win32
		{DDB6C6D8-F4E4-4D5E-A5A1-7FBF68AB8BFB}.Release|x64.ActiveCfg = Release|x64
		{DDB6C6D8-F4E4-4D5E-A5A1-7FBF68AB8BFB}.Release|x64.Build.0 = Release|x64
		{DDB6C6D8-F4E4-4D5E-A5A1-7FBF68AB8BFB}.Release|x86.ActiveCfg = Release|Win32
		{DDB6C6D8-F4E4-4D5E-A5A1-7FBF68AB8BFB}.Release|x86.Build.0 = Release|Win32
		{6D76F1EC-5C59-4968-B96C-160A044E48F0}.Debug|x64.ActiveCfg = Debug|x64
		{6D76F1EC-5C59-4968-B96C-160A044E48F0}.Debug|x64.Build.0 = Debug|x64
		{6D76F1EC-5C59-4968-B96C-160A044E48F0}.Debug|x86.ActiveCfg = Debug|Win32
		{6D76F1EC-5C59-4968-B96C-160A044E48F0}.Debug|x86.Build.0 = Debug|Win32
		{6D76F1EC-5C59-4968-B96C-160A044E48F0}.Release|x64.ActiveCfg = Release|x64
		{6D76F1EC-5C59-4968-B96C-160A044E48F0}.Release|x64.Build.0 = Release|x64
		{6D76F1EC-5C59-4968-B96C-160A044E48F0}.Release|x86.ActiveCfg = Release|Win32
		{6D76F1EC-5C59-4968-B96C-160A044E48F0}.Release|x86.Build.0 = Release|Win32
		{B2976E57-5D46-46ED-A8A2-A8386F4C7A9E}.Debug|x64.ActiveCfg = Debug|x64
		{B2976E57-5D46-46ED-A8A2-A8386F4C7A9E}.Debug|x64.Build.0 = Debug|x64
		{B2976E57-5D46-46ED-A8A2-A8386F4C7A9E}.Debug|x86.ActiveCfg = Debug|Win32
		{B2976E57-5D46-46ED-A8A2-A8386F4C7A9E}.Debug|x86.Build.0 = Debug|Win32
		{B2976E57-5D46-46ED-A8A2-A8386F4C7A9E}.Release|x64.ActiveCfg = Release|x64
		{B2976E57-5D46-46ED-A8A2-A8386F4C7A9E}.Release|x64.Build.0 = Release|x64
		{B2976E57-5D46-46ED-A8A2-A8386F4C7A9E}.Release|x86.ActiveCfg = Release|Win32
		{B2976E57-5D46-46ED-A8A2-A8386F4C7A9E}.Release|x86.Build.0 = Release|Win32
		{06ACE856-CAED-47FD-80EE-46BAB91CC281}.Debug|x64.ActiveCfg = Debug|x64
		{06ACE856-CAED-47FD-80EE-46BAB91CC281}.Debug|x64.Build.0 = Debug|x64
		{06ACE856-CAED-47FD-80EE-46BAB91CC281}.Debug|x86.ActiveCfg = Debug|Win32
		{06ACE856-CAED-47FD-80EE-46BAB91CC281}.Debug|x86.Build.0 = Debug|Win32
		{06ACE856-CAED-47FD-80EE-46BAB91CC281}.Release|x64.ActiveCfg = Release|x64
		{06ACE856-CAED-47FD-80EE-46BAB91CC281}.Release|x64.Build.0 = Release|x64
		{06ACE856-CAED-47FD-80EE-46BAB91CC281}.Release|x86.ActiveCfg = Release|Win32
		{06ACE856-CAED-47FD-80EE-46BAB91CC281}.Release|x86.Build.0 = Release|Win32
		{E2EFA2CC-2C1D-471C-BC76-0BA22922C732}.Debug|x64.ActiveCfg = Debug|x64
		{E2EFA2CC-2C1D-471C-BC76-0BA22922C732}.Debug|x64.Build.0 = Debug|x64
		{E2EFA2CC-2C1D-471C-BC76-0BA22922C732}.Debug|x86.ActiveCfg = Debug|Win32
		{E2EFA2CC-2C1D-471C-BC76-0BA22922C732}.Debug|x86.Build.0 = Debug|Win32
		{E2EFA2CC-2C1D-471C-BC76-0BA22922C732}.Release|x64.ActiveCfg = Release|x64
		{E2EFA2CC-2C1D-471C-BC76-0BA22922C732}.Release|x64.Build.0 = Release|x64
		{E2EFA2CC-2C1D-471C-BC76-0BA22922C732}.Release|x86.ActiveCfg = Release|Win32
		{E2EFA2CC-2C1D-471C-BC76-0BA22922C732}.Release|x86.Build.0 = Release|Win32
		{9032AF67-6E6B-4CAF-B1F6-990DD01E7434}.Debug|x64.ActiveCfg = Debug|x64
		{9032AF67-6E6B-4CAF-B1F6-990DD01E7434}.Debug|x64.Build.0 = Debug|x64
		{9032AF67-6E6B-4CAF-B1F6-990DD01E7434}.Debug|x86.ActiveCfg = Debug|Win32
		{9032AF67-6E6B-4CAF-B1F6-990DD01E7434}.Debug|x86.Build.0 = Debug|Win32
		{9032AF67-6E6B-4CAF-B1F6-990DD01E7434}.Release|x64.ActiveCfg = Release|x64
		{9032AF67-6E6B-4CAF-B1F6-990DD01E7434}.Release|x64.Build.0 = Release|x64
		{9032AF67-6E6B-4CAF-B1F6-990DD01E7434}.Release|x86.ActiveCfg = Release|Win32
		{9032AF67-6E6B-4CAF-B1F6-990DD01E7434}.Release|x86.Build.0 = Release|Win32
		{FFAF79A7-8FDA-4E4A-AF5B-8A0A7589B23E}.Debug|x64.ActiveCfg = Debug|x64
		{FFAF79A7-8FDA-4E4A-AF5B-8A0A7589B23E}.Debug|x64.Build.0 = Debug|x64
		{FFAF79A7-8FDA-4E4A-AF5B-8A0A7589B23E}.Debug|x86.ActiveCfg = Debug|Win32
		{FFAF79A7-8FDA-4E4A-AF5B-8A0A7589B23E}.Debug|x86.Build.0 = Debug|Win32
		{FFAF79A7-8FDA-4E4A-AF5B-8A0A7589B23E}.Release|x64.ActiveCfg = Release|x64
		{FFAF79A7-8FDA-4E4A-AF5B-8A0A7589B23E}.Release|x64.Build.0 = Release|x64
		{FFAF79A7-8FDA-4E4A-AF5B-8A0A7589B23E}.Release|x86.ActiveCfg = Release|Win32
		{FFAF79A7-8FDA-4E4A-AF5B-8A0A7589B23E}.Release|x86.Build.0 = Release|Win32
		{BC8A56CD-8744-4939-AAF0-BCBC0EB297AA}.Debug|x64.ActiveCfg = Debug|x64
		{BC8A56CD-8744-4939-AAF0-BCBC0EB297AA}.Debug|x64.Build.0 = Debug|x64
		{BC8A56CD-8744-4939-AAF0-BCBC0EB297AA}.Debug|x86.ActiveCfg = Debug|Win32
		{BC8A56CD-8744-4939-AAF0-BCBC0EB297AA}.Debug|x86.Build.0 = Debug|Win32
		{BC8A56CD-8744-4939-AAF0-BCBC0EB297AA}.Release|x64.ActiveCfg = Release|x64
		{BC8A56CD-8744-4939-AAF0-BCBC0EB297AA}.Release|x64.Build.0 = Release|x64
		{BC8A56CD-8744-4939-AAF0-BCBC0EB297AA}.Release|x86.ActiveCfg = Release|Win32
		{BC8A56CD-8744-4939-AAF0-BCBC0EB297AA}.Release|x86.Build.0 = Release|Win32
		{60A2B2AA-C6E8-4ECC-BC2A-7F17D25323DA}.Debug|x64.ActiveCfg = Debug|x64
		{60A2B2AA-C6E8-4ECC-BC2A-7F17D25323DA}.Debug|x64.Build.0 = Debug|x64
		{60A2B2AA-C6E8-4ECC-BC2A-7F17D25323DA}.Debug|x86.ActiveCfg = Debug|Win32
		{60A2B2AA-C6E8-4ECC-BC2A-7F17D25323DA}.Debug|x86.Build.0 = Debug|Win32
		{60A2B2AA-C6E8-4ECC-BC2A-7F17D25323DA}.Release|x64.ActiveCfg = Release|x64
		{60A2B2AA-C6E8-4ECC-BC2A-7F17D25323DA}.Release|x64.Build.0 = Release|x64
		{60A2B2AA-C6E8-4ECC-BC2A-7F17D25323DA}.Release|x86.ActiveCfg = Release|Win32
		{60A2B2AA-C6E8-4ECC-BC2A-7F17D25323DA}.Release|x86.Build.0 = Release|Win32
		{85D9A2A4-7AA4-4B0B-AF0D-4388A6D1A4CC}.Debug|x64.ActiveCfg = Debug|x64
		{85D9A2A4-7AA4-4B0B-AF0D-4388A6D1A4CC}.Debug|x64.Build.0 = Debug|x64
		{85D9A2A4-7AA4-4B0B-AF0D-4388A6D1A4CC}.Debug|x86.ActiveCfg = Debug|Win32
		{85D9A2A4-7AA4-4B0B-AF0D-4388A6D1A4CC}.Debug|x86.Build.0 = Debug|Win32
		{85D9A2A4-7AA4-4B0B-AF0D-4388A6D1A4CC}.Release|x64.ActiveCfg = Release|x64
		{85D9A2A4-7AA4-4B0B-AF0D-4388A6D1A4CC}.Release|x64.Build.0 = Release|x64
		{85D9A2A4-7AA4-4B0B-AF0D-4388A6D1A4CC}.Release|x86.ActiveCfg = Release|Win32
		{85D9A2A4-7AA4-4B0B-AF0D-4388A6D1A4CC}.Release|x86.Build.0 = Release|Win32
		{41A72877-0691-440B-9835-D633D8FCE36F}.Debug|x64.ActiveCfg = Debug|x64
		{41A72877-0691-440B-9835-D633D8FCE36F}.Debug|x64.Build.0 = Debug|x64
		{41A72877-0691-440B-9835-D633D8FCE36F}.Debug|x86.ActiveCfg = Debug|Win32
		{41A72877-0691-440B-9835-D633D8FCE36F}.Debug|x86.Build.0 = Debug|Win32
		{41A72877-0691-440B-9835-D633D8FCE36F}.Release|x64.ActiveCfg = Release|x64
		{41A72877-0691-440B-9835-D633D8FCE36F}.Release|x64.Build.0 = Release|x64
		{41A72877-0691-440B-9835-D633D8FCE36F}.Release|x86.ActiveCfg = Release|Win32
		{41A72877-0691-440B-9835-D633D8FCE36F}.Release|x86.Build.0 = Release|Win32
		{144505C4-EE35-4B7B-946A-1E60E744FDD6}.Debug|x64.ActiveCfg = Debug|x64
		{144505C4-EE35-4B7B-946A-1E60E744FDD6}.Debug|x64.Build.0 = Debug|x64
		{144505C4-EE35-4B7B-946A-1E60E744FDD6}.Debug|x86.ActiveCfg = Debug|Win32
		{144505C4-EE35-4B7B-946A-1E60E744FDD6}.Debug|x86.Build.0 = Debug|Win32
		{144505C4-EE35-4B7B-946A-1E60E744FDD6}.Release|x64.ActiveCfg = Release|x64
		{144505C4-EE35-4B7B-946A-1E60E744FDD6}.Release|x64.Build.0 = Release|x64
		{144505C4-EE35-4B7B-946A-1E60E744FDD6}.Release|x86.ActiveCfg = Release|Win32
		{144505C4-EE35-4B7B-946A-1E60E744FDD6}.Release|x86.Build.0 = Release|Win32
		{821E5E62-7213-4E29-8F42-506964FAD370}.Debug|x64.ActiveCfg = Debug|x64
		{821E5E62-7213-4E29-8F42-506964FAD370}.Debug|x64.Build.0 = Debug|x64
		{821E5E62-7213-4E29-8F42-506964FAD370}.Debug|x86.ActiveCfg = Debug|Win32
		{821E5E62-7213-4E29-8F42-506964FAD370}.Debug|x86.Build.0 = Debug|Win32
		{821E5E62-7213-4E29-8F42-506964FAD370}.Release|x64.ActiveCfg = Release|x64
		{821E5E62-7213-4E29-8F42-506964FAD370}.Release|x64.Build.0 = Release|x64
		{821E5E62-7213-4E29-8F42-506964FAD370}.Release|x86.ActiveCfg = Release|Win32
		{821E5E62-7213-4E29-8F42-506964FAD370}.Release|x86.Build.0 = Release|Win32
		{61DF6026-E53F-4FF7-B385-1374A283915B}.Debug|x64.ActiveCfg = Debug|x64
		{61DF6026-E53F-4FF7-B385-1374A283915B}.Debug|x64.Build.0 = Debug|x64
		{61DF6026-E53F-4FF7-B385-1374A283915B}.Debug|x86.ActiveCfg = Debug|Win32
		{61DF6026-E53F-4FF7-B385-1374A283915B}.Debug|x86.Build.0 = Debug|Win32
		{61DF6026-E53F-4FF7-B385-1374A283915B}.Release|x64.ActiveCfg = Release|x64
		{61DF6026-E53F-4FF7-B385-1374A283915B}.Release|x64.Build.0 = Release|x64
		{61DF6026-E53F-4FF7-B385-1374A283915B}.Release|x86.ActiveCfg = Release|Win32
		{61DF6026-E53F-4FF7-B385-1374A283915B}.Release|x86.Build.0 = Release|Win32
	EndGlobalSection
	GlobalSection(SolutionProperties) = preSolution
		HideSolutionNode = FALSE
	EndGlobalSection
	GlobalSection(ExtensibilityGlobals) = postSolution
		SolutionGuid = {70E6598A-8063-4CC6-ADAF-5F8F62196E23}
	EndGlobalSection
EndGlobal
